
Microsoft Visual Studio Solution File, Format Version 12.00
# Visual Studio Version 16
VisualStudioVersion = 16.0.31205.134
MinimumVisualStudioVersion = 10.0.40219.1
Project("{FAE04EC0-301F-11D3-BF4B-00C04F79EFBC}") = "StoloviePribori", "StoloviePribori\StoloviePribori.csproj", "{C1732F1E-6E0A-46D8-AE1E-BA114EF21C6C}"
EndProject
Global
	GlobalSection(SolutionConfigurationPlatforms) = preSolution
		Debug|Any CPU = Debug|Any CPU
		Release|Any CPU = Release|Any CPU
	EndGlobalSection
	GlobalSection(ProjectConfigurationPlatforms) = postSolution
		{C1732F1E-6E0A-46D8-AE1E-BA114EF21C6C}.Debug|Any CPU.ActiveCfg = Debug|Any CPU
		{C1732F1E-6E0A-46D8-AE1E-BA114EF21C6C}.Debug|Any CPU.Build.0 = Debug|Any CPU
		{C1732F1E-6E0A-46D8-AE1E-BA114EF21C6C}.Release|Any CPU.ActiveCfg = Release|Any CPU
		{C1732F1E-6E0A-46D8-AE1E-BA114EF21C6C}.Release|Any CPU.Build.0 = Release|Any CPU
	EndGlobalSection
	GlobalSection(SolutionProperties) = preSolution
		HideSolutionNode = FALSE
	EndGlobalSection
	GlobalSection(ExtensibilityGlobals) = postSolution
		SolutionGuid = {5E9F8A9D-A58A-4893-BF51-416420F430C1}
	EndGlobalSection
EndGlobal
